
Microsoft Visual Studio Solution File, Format Version 12.00
# Visual Studio Version 16
VisualStudioVersion = 16.0.31624.102
MinimumVisualStudioVersion = 10.0.40219.1
Project("{FAE04EC0-301F-11D3-BF4B-00C04F79EFBC}") = "day3task2", "day3task2\day3task2.csproj", "{C78BAB7D-C868-4298-915C-FF9D517AC958}"
EndProject
Global
	GlobalSection(SolutionConfigurationPlatforms) = preSolution
		Debug|Any CPU = Debug|Any CPU
		Release|Any CPU = Release|Any CPU
	EndGlobalSection
	GlobalSection(ProjectConfigurationPlatforms) = postSolution
		{C78BAB7D-C868-4298-915C-FF9D517AC958}.Debug|Any CPU.ActiveCfg = Debug|Any CPU
		{C78BAB7D-C868-4298-915C-FF9D517AC958}.Debug|Any CPU.Build.0 = Debug|Any CPU
		{C78BAB7D-C868-4298-915C-FF9D517AC958}.Release|Any CPU.ActiveCfg = Release|Any CPU
		{C78BAB7D-C868-4298-915C-FF9D517AC958}.Release|Any CPU.Build.0 = Release|Any CPU
	EndGlobalSection
	GlobalSection(SolutionProperties) = preSolution
		HideSolutionNode = FALSE
	EndGlobalSection
	GlobalSection(ExtensibilityGlobals) = postSolution
		SolutionGuid = {ED390632-4089-44C8-88FE-452B6BE9B9E9}
	EndGlobalSection
EndGlobal
